
Microsoft Visual Studio Solution File, Format Version 12.00
# Visual Studio 15
VisualStudioVersion = 15.0.27130.2024
MinimumVisualStudioVersion = 10.0.40219.1
Project("{9A19103F-16F7-4668-BE54-9A1E7A4F7556}") = "ImportPerson", "ImportPerson\ImportPerson.csproj", "{6C7722BF-3FEB-4630-8C9F-E408BEF8BE8F}"
EndProject
Project("{9A19103F-16F7-4668-BE54-9A1E7A4F7556}") = "GrHw.Person.Tests", "GrHw.Person.Tests\GrHw.Person.Tests.csproj", "{A36075E6-65F2-4CF1-975B-DE4BFF7F7EDA}"
EndProject
Project("{9A19103F-16F7-4668-BE54-9A1E7A4F7556}") = "GrHw.Client.Business", "GrHw.Client.Business\GrHw.Client.Business.csproj", "{1B39F744-B935-459D-BA5D-782B4C976D27}"
EndProject
Project("{9A19103F-16F7-4668-BE54-9A1E7A4F7556}") = "GrHw.Client.Domain", "GrHw.Client.Domain\GrHw.Client.Domain.csproj", "{D6D59CDF-BDB9-44C2-AA5F-6D6DAD00BF3C}"
EndProject
Project("{9A19103F-16F7-4668-BE54-9A1E7A4F7556}") = "GrHw.Client.Repository", "GrHw.Client.Repository\GrHw.Client.Repository.csproj", "{8DA89252-F62C-4202-A403-9F68838A9BEB}"
EndProject
Project("{9A19103F-16F7-4668-BE54-9A1E7A4F7556}") = "GrHw.Client.Business.Implementation", "GrHw.Client.Business.Implementation\GrHw.Client.Business.Implementation.csproj", "{63BBCEBC-459E-448A-884C-F85BF46EE41D}"
EndProject
Project("{9A19103F-16F7-4668-BE54-9A1E7A4F7556}") = "GrHw.Framework", "GrHw.Framework\GrHw.Framework.csproj", "{77E43A63-8A7C-45D9-8D4A-FE32075554F5}"
EndProject
Project("{9A19103F-16F7-4668-BE54-9A1E7A4F7556}") = "GrHw.Framework.Implementation", "GrHw.Framework.Implementation\GrHw.Framework.Implementation.csproj", "{82782B37-14AE-4594-8136-2948F0FB481E}"
EndProject
Project("{2150E333-8FDC-42A3-9474-1A3956D46DE8}") = "Framework", "Framework", "{65FF6F09-4D43-467C-B6C5-12EC19252D22}"
EndProject
Project("{2150E333-8FDC-42A3-9474-1A3956D46DE8}") = "Client", "Client", "{090A1CFB-28D9-4C73-8A68-5608B534B204}"
EndProject
Project("{2150E333-8FDC-42A3-9474-1A3956D46DE8}") = "Domain", "Domain", "{D2F70FB2-4FAE-4290-A805-74A36705E923}"
EndProject
Project("{2150E333-8FDC-42A3-9474-1A3956D46DE8}") = "Repository", "Repository", "{23F56266-588C-4A14-A1C7-35F09A279207}"
EndProject
Project("{2150E333-8FDC-42A3-9474-1A3956D46DE8}") = "Tests", "Tests", "{0FBE533F-B1A6-4A13-9B59-392E6BF47B53}"
EndProject
Project("{2150E333-8FDC-42A3-9474-1A3956D46DE8}") = "Business", "Business", "{B257F971-9F85-4CFC-9896-ECEE9CBFB861}"
EndProject
Project("{9A19103F-16F7-4668-BE54-9A1E7A4F7556}") = "GwHw.Client.Repository.Implementation", "GwHw.Client.Repository.Implementation\GwHw.Client.Repository.Implementation.csproj", "{442E2489-6363-4F59-94B6-6D1901D3B0AF}"
EndProject
Project("{9A19103F-16F7-4668-BE54-9A1E7A4F7556}") = "GrHw.Client.Module", "GrHw.Client.Module\GrHw.Client.Module.csproj", "{E6A4F2AA-52F7-4C43-AEC2-7CB3A62CC32E}"
EndProject
Project("{2150E333-8FDC-42A3-9474-1A3956D46DE8}") = "ASolution", "ASolution", "{20FAAB61-346D-4807-AE5E-ED480E7304A0}"
	ProjectSection(SolutionItems) = preProject
		README.md = README.md
	EndProjectSection
EndProject
Global
	GlobalSection(SolutionConfigurationPlatforms) = preSolution
		Debug|Any CPU = Debug|Any CPU
		Release|Any CPU = Release|Any CPU
	EndGlobalSection
	GlobalSection(ProjectConfigurationPlatforms) = postSolution
		{6C7722BF-3FEB-4630-8C9F-E408BEF8BE8F}.Debug|Any CPU.ActiveCfg = Debug|Any CPU
		{6C7722BF-3FEB-4630-8C9F-E408BEF8BE8F}.Debug|Any CPU.Build.0 = Debug|Any CPU
		{6C7722BF-3FEB-4630-8C9F-E408BEF8BE8F}.Release|Any CPU.ActiveCfg = Release|Any CPU
		{6C7722BF-3FEB-4630-8C9F-E408BEF8BE8F}.Release|Any CPU.Build.0 = Release|Any CPU
		{A36075E6-65F2-4CF1-975B-DE4BFF7F7EDA}.Debug|Any CPU.ActiveCfg = Debug|Any CPU
		{A36075E6-65F2-4CF1-975B-DE4BFF7F7EDA}.Debug|Any CPU.Build.0 = Debug|Any CPU
		{A36075E6-65F2-4CF1-975B-DE4BFF7F7EDA}.Release|Any CPU.ActiveCfg = Release|Any CPU
		{A36075E6-65F2-4CF1-975B-DE4BFF7F7EDA}.Release|Any CPU.Build.0 = Release|Any CPU
		{1B39F744-B935-459D-BA5D-782B4C976D27}.Debug|Any CPU.ActiveCfg = Debug|Any CPU
		{1B39F744-B935-459D-BA5D-782B4C976D27}.Debug|Any CPU.Build.0 = Debug|Any CPU
		{1B39F744-B935-459D-BA5D-782B4C976D27}.Release|Any CPU.ActiveCfg = Release|Any CPU
		{1B39F744-B935-459D-BA5D-782B4C976D27}.Release|Any CPU.Build.0 = Release|Any CPU
		{D6D59CDF-BDB9-44C2-AA5F-6D6DAD00BF3C}.Debug|Any CPU.ActiveCfg = Debug|Any CPU
		{D6D59CDF-BDB9-44C2-AA5F-6D6DAD00BF3C}.Debug|Any CPU.Build.0 = Debug|Any CPU
		{D6D59CDF-BDB9-44C2-AA5F-6D6DAD00BF3C}.Release|Any CPU.ActiveCfg = Release|Any CPU
		{D6D59CDF-BDB9-44C2-AA5F-6D6DAD00BF3C}.Release|Any CPU.Build.0 = Release|Any CPU
		{8DA89252-F62C-4202-A403-9F68838A9BEB}.Debug|Any CPU.ActiveCfg = Debug|Any CPU
		{8DA89252-F62C-4202-A403-9F68838A9BEB}.Debug|Any CPU.Build.0 = Debug|Any CPU
		{8DA89252-F62C-4202-A403-9F68838A9BEB}.Release|Any CPU.ActiveCfg = Release|Any CPU
		{8DA89252-F62C-4202-A403-9F68838A9BEB}.Release|Any CPU.Build.0 = Release|Any CPU
		{63BBCEBC-459E-448A-884C-F85BF46EE41D}.Debug|Any CPU.ActiveCfg = Debug|Any CPU
		{63BBCEBC-459E-448A-884C-F85BF46EE41D}.Debug|Any CPU.Build.0 = Debug|Any CPU
		{63BBCEBC-459E-448A-884C-F85BF46EE41D}.Release|Any CPU.ActiveCfg = Release|Any CPU
		{63BBCEBC-459E-448A-884C-F85BF46EE41D}.Release|Any CPU.Build.0 = Release|Any CPU
		{77E43A63-8A7C-45D9-8D4A-FE32075554F5}.Debug|Any CPU.ActiveCfg = Debug|Any CPU
		{77E43A63-8A7C-45D9-8D4A-FE32075554F5}.Debug|Any CPU.Build.0 = Debug|Any CPU
		{77E43A63-8A7C-45D9-8D4A-FE32075554F5}.Release|Any CPU.ActiveCfg = Release|Any CPU
		{77E43A63-8A7C-45D9-8D4A-FE32075554F5}.Release|Any CPU.Build.0 = Release|Any CPU
		{82782B37-14AE-4594-8136-2948F0FB481E}.Debug|Any CPU.ActiveCfg = Debug|Any CPU
		{82782B37-14AE-4594-8136-2948F0FB481E}.Debug|Any CPU.Build.0 = Debug|Any CPU
		{82782B37-14AE-4594-8136-2948F0FB481E}.Release|Any CPU.ActiveCfg = Release|Any CPU
		{82782B37-14AE-4594-8136-2948F0FB481E}.Release|Any CPU.Build.0 = Release|Any CPU
		{442E2489-6363-4F59-94B6-6D1901D3B0AF}.Debug|Any CPU.ActiveCfg = Debug|Any CPU
		{442E2489-6363-4F59-94B6-6D1901D3B0AF}.Debug|Any CPU.Build.0 = Debug|Any CPU
		{442E2489-6363-4F59-94B6-6D1901D3B0AF}.Release|Any CPU.ActiveCfg = Release|Any CPU
		{442E2489-6363-4F59-94B6-6D1901D3B0AF}.Release|Any CPU.Build.0 = Release|Any CPU
		{E6A4F2AA-52F7-4C43-AEC2-7CB3A62CC32E}.Debug|Any CPU.ActiveCfg = Debug|Any CPU
		{E6A4F2AA-52F7-4C43-AEC2-7CB3A62CC32E}.Debug|Any CPU.Build.0 = Debug|Any CPU
		{E6A4F2AA-52F7-4C43-AEC2-7CB3A62CC32E}.Release|Any CPU.ActiveCfg = Release|Any CPU
		{E6A4F2AA-52F7-4C43-AEC2-7CB3A62CC32E}.Release|Any CPU.Build.0 = Release|Any CPU
	EndGlobalSection
	GlobalSection(SolutionProperties) = preSolution
		HideSolutionNode = FALSE
	EndGlobalSection
	GlobalSection(NestedProjects) = preSolution
		{6C7722BF-3FEB-4630-8C9F-E408BEF8BE8F} = {090A1CFB-28D9-4C73-8A68-5608B534B204}
		{A36075E6-65F2-4CF1-975B-DE4BFF7F7EDA} = {0FBE533F-B1A6-4A13-9B59-392E6BF47B53}
		{1B39F744-B935-459D-BA5D-782B4C976D27} = {B257F971-9F85-4CFC-9896-ECEE9CBFB861}
		{D6D59CDF-BDB9-44C2-AA5F-6D6DAD00BF3C} = {D2F70FB2-4FAE-4290-A805-74A36705E923}
		{8DA89252-F62C-4202-A403-9F68838A9BEB} = {23F56266-588C-4A14-A1C7-35F09A279207}
		{63BBCEBC-459E-448A-884C-F85BF46EE41D} = {B257F971-9F85-4CFC-9896-ECEE9CBFB861}
		{77E43A63-8A7C-45D9-8D4A-FE32075554F5} = {65FF6F09-4D43-467C-B6C5-12EC19252D22}
		{82782B37-14AE-4594-8136-2948F0FB481E} = {65FF6F09-4D43-467C-B6C5-12EC19252D22}
		{442E2489-6363-4F59-94B6-6D1901D3B0AF} = {23F56266-588C-4A14-A1C7-35F09A279207}
		{E6A4F2AA-52F7-4C43-AEC2-7CB3A62CC32E} = {65FF6F09-4D43-467C-B6C5-12EC19252D22}
	EndGlobalSection
	GlobalSection(ExtensibilityGlobals) = postSolution
		SolutionGuid = {CD02531F-D8AC-44FD-8A8C-585407FA6549}
	EndGlobalSection
EndGlobal
